
Microsoft Visual Studio Solution File, Format Version 12.00
# Visual Studio 15
VisualStudioVersion = 15.0.28307.329
MinimumVisualStudioVersion = 10.0.40219.1
Project("{FAE04EC0-301F-11D3-BF4B-00C04F79EFBC}") = "LitmusApp", "LitmusApp.csproj", "{9E53190E-A546-4C25-9C7D-455ECA981800}"
EndProject
Global
	GlobalSection(SolutionConfigurationPlatforms) = preSolution
		Debug|Any CPU = Debug|Any CPU
		Release|Any CPU = Release|Any CPU
	EndGlobalSection
	GlobalSection(ProjectConfigurationPlatforms) = postSolution
		{9E53190E-A546-4C25-9C7D-455ECA981800}.Debug|Any CPU.ActiveCfg = Debug|Any CPU
		{9E53190E-A546-4C25-9C7D-455ECA981800}.Debug|Any CPU.Build.0 = Debug|Any CPU
		{9E53190E-A546-4C25-9C7D-455ECA981800}.Release|Any CPU.ActiveCfg = Release|Any CPU
		{9E53190E-A546-4C25-9C7D-455ECA981800}.Release|Any CPU.Build.0 = Release|Any CPU
	EndGlobalSection
	GlobalSection(SolutionProperties) = preSolution
		HideSolutionNode = FALSE
	EndGlobalSection
	GlobalSection(ExtensibilityGlobals) = postSolution
		SolutionGuid = {CCEB8A1E-8CAC-481E-8936-3DB22C089943}
	EndGlobalSection
EndGlobal
